<?xml version="1.0" encoding="utf-8"?>
<Project ToolsVersion="4.0" xmlns="http://schemas.microsoft.com/developer/msbuild/2003">
  <ItemGroup>
    <Filter Include="win32">
      <UniqueIdentifier>{84a8ebd7-7cf0-47f6-b75e-d441df67da40}</UniqueIdentifier>
    </Filter>
    <Filter Include="resource">
      <UniqueIdentifier>{715254bc-d70b-4ec5-bf29-467dd3ace079}</UniqueIdentifier>
    </Filter>
    <Filter Include="src">
      <UniqueIdentifier>{bb6c862e-70e9-49d9-81b7-3829a6f50471}</UniqueIdentifier>
    </Filter>
  </ItemGroup>
  <ItemGroup>
    <ClCompile Include="main.cpp">
      <Filter>win32</Filter>
    </ClCompile>
    <ClCompile Include="..\Classes\AppDelegate.cpp">
      <Filter>src</Filter>
    </ClCompile>
    <ClCompile Include="..\Classes\Anpan.cpp">
      <Filter>src</Filter>
    </ClCompile>
    <ClCompile Include="..\Classes\AnpanSpawner.cpp">
      <Filter>src</Filter>
    </ClCompile>
    <ClCompile Include="..\Classes\APIExecuter.cpp">
      <Filter>src</Filter>
    </ClCompile>
    <ClCompile Include="..\Classes\APIURLs.cpp">
      <Filter>src</Filter>
    </ClCompile>
    <ClCompile Include="..\Classes\CallbackTimer.cpp">
      <Filter>src</Filter>
    </ClCompile>
    <ClCompile Include="..\Classes\FlashAnimationComponent.cpp">
      <Filter>src</Filter>
    </ClCompile>
    <ClCompile Include="..\Classes\GameScene.cpp">
      <Filter>src</Filter>
    </ClCompile>
    <ClCompile Include="..\Classes\HttpConnection.cpp">
      <Filter>src</Filter>
    </ClCompile>
    <ClCompile Include="..\Classes\IdManager.cpp">
      <Filter>src</Filter>
    </ClCompile>
    <ClCompile Include="..\Classes\JsonHelper.cpp">
      <Filter>src</Filter>
    </ClCompile>
    <ClCompile Include="..\Classes\ResultScene.cpp">
      <Filter>src</Filter>
    </ClCompile>
    <ClCompile Include="..\Classes\ScriptObject.cpp">
      <Filter>src</Filter>
    </ClCompile>
    <ClCompile Include="..\Classes\ShopItem.cpp">
      <Filter>src</Filter>
    </ClCompile>
    <ClCompile Include="..\Classes\ShopScene.cpp">
      <Filter>src</Filter>
    </ClCompile>
    <ClCompile Include="..\Classes\TitleScene.cpp">
      <Filter>src</Filter>
    </ClCompile>
    <ClCompile Include="..\Classes\TouchGuard.cpp">
      <Filter>src</Filter>
    </ClCompile>
    <ClCompile Include="..\Classes\UserData.cpp">
      <Filter>src</Filter>
    </ClCompile>
    <ClCompile Include="..\Classes\ErrorDialog.cpp">
      <Filter>src</Filter>
    </ClCompile>
    <ClCompile Include="..\Classes\GameConfig.cpp">
      <Filter>src</Filter>
    </ClCompile>
  </ItemGroup>
  <ItemGroup>
    <ClInclude Include="main.h">
      <Filter>win32</Filter>
    </ClInclude>
    <ClInclude Include="..\Classes\AppDelegate.h">
      <Filter>src</Filter>
    </ClInclude>
    <ClInclude Include="..\Classes\Anpan.h">
      <Filter>src</Filter>
    </ClInclude>
    <ClInclude Include="..\Classes\AnpanSpawner.h">
      <Filter>src</Filter>
    </ClInclude>
    <ClInclude Include="..\Classes\APIExecuter.h">
      <Filter>src</Filter>
    </ClInclude>
    <ClInclude Include="..\Classes\APIURLs.h">
      <Filter>src</Filter>
    </ClInclude>
    <ClInclude Include="..\Classes\CallbackTimer.h">
      <Filter>src</Filter>
    </ClInclude>
    <ClInclude Include="..\Classes\FlashAnimationComponent.h">
      <Filter>src</Filter>
    </ClInclude>
    <ClInclude Include="..\Classes\GameScene.h">
      <Filter>src</Filter>
    </ClInclude>
    <ClInclude Include="..\Classes\HttpConnection.h">
      <Filter>src</Filter>
    </ClInclude>
    <ClInclude Include="..\Classes\IdManager.h">
      <Filter>src</Filter>
    </ClInclude>
    <ClInclude Include="..\Classes\JsonHelper.h">
      <Filter>src</Filter>
    </ClInclude>
    <ClInclude Include="..\Classes\ResultScene.h">
      <Filter>src</Filter>
    </ClInclude>
    <ClInclude Include="..\Classes\ScriptObject.h">
      <Filter>src</Filter>
    </ClInclude>
    <ClInclude Include="..\Classes\ShopItem.h">
      <Filter>src</Filter>
    </ClInclude>
    <ClInclude Include="..\Classes\ShopScene.h">
      <Filter>src</Filter>
    </ClInclude>
    <ClInclude Include="..\Classes\TitleScene.h">
      <Filter>src</Filter>
    </ClInclude>
    <ClInclude Include="..\Classes\TouchGuard.h">
      <Filter>src</Filter>
    </ClInclude>
    <ClInclude Include="..\Classes\UserData.h">
      <Filter>src</Filter>
    </ClInclude>
    <ClInclude Include="..\Classes\ErrorDialog.h">
      <Filter>src</Filter>
    </ClInclude>
    <ClInclude Include="..\Classes\GameConfig.h">
      <Filter>src</Filter>
    </ClInclude>
    <ClInclude Include="..\Classes\APIResponse.h">
      <Filter>src</Filter>
    </ClInclude>
  </ItemGroup>
  <ItemGroup>
    <ResourceCompile Include="game.rc">
      <Filter>resource</Filter>
    </ResourceCompile>
  </ItemGroup>
</Project>